
Microsoft Visual Studio Solution File, Format Version 12.00
# Visual Studio Version 16
VisualStudioVersion = 16.0.33214.272
MinimumVisualStudioVersion = 10.0.40219.1
Project("{FAE04EC0-301F-11D3-BF4B-00C04F79EFBC}") = "back_reserva", "back_reserva\back_reserva.csproj", "{BB25A232-0D93-4646-8686-641E2EA71913}"
EndProject
Global
	GlobalSection(SolutionConfigurationPlatforms) = preSolution
		Debug|Any CPU = Debug|Any CPU
		Release|Any CPU = Release|Any CPU
	EndGlobalSection
	GlobalSection(ProjectConfigurationPlatforms) = postSolution
		{BB25A232-0D93-4646-8686-641E2EA71913}.Debug|Any CPU.ActiveCfg = Debug|Any CPU
		{BB25A232-0D93-4646-8686-641E2EA71913}.Debug|Any CPU.Build.0 = Debug|Any CPU
		{BB25A232-0D93-4646-8686-641E2EA71913}.Release|Any CPU.ActiveCfg = Release|Any CPU
		{BB25A232-0D93-4646-8686-641E2EA71913}.Release|Any CPU.Build.0 = Release|Any CPU
	EndGlobalSection
	GlobalSection(SolutionProperties) = preSolution
		HideSolutionNode = FALSE
	EndGlobalSection
	GlobalSection(ExtensibilityGlobals) = postSolution
		SolutionGuid = {1C0A349A-A05D-4169-BE3F-F07424AE561E}
	EndGlobalSection
EndGlobal
